
Microsoft Visual Studio Solution File, Format Version 12.00
# Visual Studio 15
Project("{FAE04EC0-301F-11D3-BF4B-00C04F79EFBC}") = "WhatCentury", "WhatCentury.csproj", "{42B6D114-A367-480B-A426-F8D6EE1BBC55}"
EndProject
Global
	GlobalSection(SolutionConfigurationPlatforms) = preSolution
		Debug|Any CPU = Debug|Any CPU
		Release|Any CPU = Release|Any CPU
	EndGlobalSection
	GlobalSection(ProjectConfigurationPlatforms) = postSolution
		{42B6D114-A367-480B-A426-F8D6EE1BBC55}.Debug|Any CPU.ActiveCfg = Debug|Any CPU
		{42B6D114-A367-480B-A426-F8D6EE1BBC55}.Debug|Any CPU.Build.0 = Debug|Any CPU
		{42B6D114-A367-480B-A426-F8D6EE1BBC55}.Release|Any CPU.ActiveCfg = Release|Any CPU
		{42B6D114-A367-480B-A426-F8D6EE1BBC55}.Release|Any CPU.Build.0 = Release|Any CPU
	EndGlobalSection
EndGlobal
